# THIS IS AN AUTOGENERATED FILE. DO NOT EDIT THIS FILE DIRECTLY.
# yarn lockfile v1


"@csstools/cascade-layer-name-parser@^1.0.11":
  version "1.0.11"
  resolved "https://registry.yarnpkg.com/@csstools/cascade-layer-name-parser/-/cascade-layer-name-parser-1.0.11.tgz#c9b85dc38240c0269385f557149f714e7875fda0"
  integrity sha512-yhsonEAhaWRQvHFYhSzOUobH2Ev++fMci+ppFRagw0qVSPlcPV4FnNmlwpM/b2BM10ZeMRkVV4So6YRswD0O0w==

"@csstools/css-parser-algorithms@^2.6.3":
  version "2.6.3"
  resolved "https://registry.yarnpkg.com/@csstools/css-parser-algorithms/-/css-parser-algorithms-2.6.3.tgz#b5e7eb2bd2a42e968ef61484f1490a8a4148a8eb"
  integrity sha512-xI/tL2zxzEbESvnSxwFgwvy5HS00oCXxL4MLs6HUiDcYfwowsoQaABKxUElp1ARITrINzBnsECOc1q0eg2GOrA==

"@csstools/css-tokenizer@^2.3.1":
  version "2.3.1"
  resolved "https://registry.yarnpkg.com/@csstools/css-tokenizer/-/css-tokenizer-2.3.1.tgz#3d47e101ad48d815a4bdce8159fb5764f087f17a"
  integrity sha512-iMNHTyxLbBlWIfGtabT157LH9DUx9X8+Y3oymFEuMj8HNc+rpE3dPFGFgHjpKfjeFDjLjYIAIhXPGvS2lKxL9g==

"@csstools/media-query-list-parser@^2.1.11":
  version "2.1.11"
  resolved "https://registry.yarnpkg.com/@csstools/media-query-list-parser/-/media-query-list-parser-2.1.11.tgz#465aa42f268599729350e305e1ae14a30c1daf51"
  integrity sha512-uox5MVhvNHqitPP+SynrB1o8oPxPMt2JLgp5ghJOWf54WGQ5OKu47efne49r1SWqs3wRP8xSWjnO9MBKxhB1dA==

"@csstools/postcss-global-data@^2.1.1":
  version "2.1.1"
  resolved "https://registry.yarnpkg.com/@csstools/postcss-global-data/-/postcss-global-data-2.1.1.tgz#b7250b5387f529cd3aa1a8dd966c1123f58c718b"
  integrity sha512-tihdBLogY2G5jgUSu2jKSEVeOcnWqsz6k7UmPM7+ezhuV9FP5MIyX35Hc/YvqipQLRNsfBj9wRkBvsE7k1GM8A==

"@csstools/selector-resolve-nested@^1.1.0":
  version "1.1.0"
  resolved "https://registry.yarnpkg.com/@csstools/selector-resolve-nested/-/selector-resolve-nested-1.1.0.tgz#d872f2da402d3ce8bd0cf16ea5f9fba76b18e430"
  integrity sha512-uWvSaeRcHyeNenKg8tp17EVDRkpflmdyvbE0DHo6D/GdBb6PDnCYYU6gRpXhtICMGMcahQmj2zGxwFM/WC8hCg==

"@csstools/selector-specificity@^3.1.1":
  version "3.1.1"
  resolved "https://registry.yarnpkg.com/@csstools/selector-specificity/-/selector-specificity-3.1.1.tgz#63085d2995ca0f0e55aa8b8a07d69bfd48b844fe"
  integrity sha512-a7cxGcJ2wIlMFLlh8z2ONm+715QkPHiyJcxwQlKOz/03GPw1COpfhcmC9wm4xlZfp//jWHNNMwzjtqHXVWU9KA==

"@emnapi/core@^1.1.0":
  version "1.2.0"
  resolved "https://registry.yarnpkg.com/@emnapi/core/-/core-1.2.0.tgz#7b738e5033738132bf6af0b8fae7b05249bdcbd7"
  integrity sha512-E7Vgw78I93we4ZWdYCb4DGAwRROGkMIXk7/y87UmANR+J6qsWusmC3gLt0H+O0KOt5e6O38U8oJamgbudrES/w==
  dependencies:
    "@emnapi/wasi-threads" "1.0.1"
    tslib "^2.4.0"

"@emnapi/runtime@^1.1.0":
  version "1.2.0"
  resolved "https://registry.yarnpkg.com/@emnapi/runtime/-/runtime-1.2.0.tgz#71d018546c3a91f3b51106530edbc056b9f2f2e3"
  integrity sha512-bV21/9LQmcQeCPEg3BDFtvwL6cwiTMksYNWQQ4KOxCZikEGalWtenoZ0wCiukJINlGCIi2KXx01g4FoH/LxpzQ==
  dependencies:
    tslib "^2.4.0"

"@emnapi/wasi-threads@1.0.1":
  version "1.0.1"
  resolved "https://registry.yarnpkg.com/@emnapi/wasi-threads/-/wasi-threads-1.0.1.tgz#d7ae71fd2166b1c916c6cd2d0df2ef565a2e1a5b"
  integrity sha512-iIBu7mwkq4UQGeMEM8bLwNK962nXdhodeScX4slfQnRhEMMzvYivHhutCIk8uojvmASXXPC2WNEjwxFWk72Oqw==
  dependencies:
    tslib "^2.4.0"

"@module-federation/runtime-tools@0.1.6":
  version "0.1.6"
  resolved "https://registry.yarnpkg.com/@module-federation/runtime-tools/-/runtime-tools-0.1.6.tgz#ee9bbe8c6e823b4c641695c91ab0b0bfdc5b3102"
  integrity sha512-7ILVnzMIa0Dlc0Blck5tVZG1tnk1MmLnuZpLOMpbdW+zl+N6wdMjjHMjEZFCUAJh2E5XJ3BREwfX8Ets0nIkLg==
  dependencies:
    "@module-federation/runtime" "0.1.6"
    "@module-federation/webpack-bundler-runtime" "0.1.6"

"@module-federation/runtime@0.1.6":
  version "0.1.6"
  resolved "https://registry.yarnpkg.com/@module-federation/runtime/-/runtime-0.1.6.tgz#e56adb6bdb0c5264ba5740d0aa64568f19a0c3be"
  integrity sha512-nj6a+yJ+QxmcE89qmrTl4lphBIoAds0PFPVGnqLRWflwAP88jrCcrrTqRhARegkFDL+wE9AE04+h6jzlbIfMKg==
  dependencies:
    "@module-federation/sdk" "0.1.6"

"@module-federation/sdk@0.1.6":
  version "0.1.6"
  resolved "https://registry.yarnpkg.com/@module-federation/sdk/-/sdk-0.1.6.tgz#4d64b206ef6bddd99ca74680f278a2134a493dd5"
  integrity sha512-qifXpyYLM7abUeEOIfv0oTkguZgRZuwh89YOAYIZJlkP6QbRG7DJMQvtM8X2yHXm9PTk0IYNnOJH0vNQCo6auQ==

"@module-federation/webpack-bundler-runtime@0.1.6":
  version "0.1.6"
  resolved "https://registry.yarnpkg.com/@module-federation/webpack-bundler-runtime/-/webpack-bundler-runtime-0.1.6.tgz#8520435913ca10e4f259e825d9521002595ba769"
  integrity sha512-K5WhKZ4RVNaMEtfHsd/9CNCgGKB0ipbm/tgweNNeC11mEuBTNxJ09Y630vg3WPkKv9vfMCuXg2p2Dk+Q/KWTSA==
  dependencies:
    "@module-federation/runtime" "0.1.6"
    "@module-federation/sdk" "0.1.6"

"@napi-rs/image-android-arm64@1.9.2":
  version "1.9.2"
  resolved "https://registry.yarnpkg.com/@napi-rs/image-android-arm64/-/image-android-arm64-1.9.2.tgz#e3616923e8bcb2f5dff1d62c1915f41cf9378d5c"
  integrity sha512-DQNI06ukKqpF4eogz9zyxfU+GYp11TfDqSNWKmk/IRU2oiB0DEgskuj7ZzaKMPJWFRZjI86V233UrrNRh76h2Q==

"@napi-rs/image-darwin-arm64@1.9.2":
  version "1.9.2"
  resolved "https://registry.yarnpkg.com/@napi-rs/image-darwin-arm64/-/image-darwin-arm64-1.9.2.tgz#ce834cb51a1d538c588be55b5ba2a971aeb15d4b"
  integrity sha512-w+0X87sORbC2uDpH7NAdELOnvzhu3dB19h2oMaD+YIv/+CVXV5eK2PS3zkRgMLCinVtFOZFZK3dFbHU3kncCRw==

"@napi-rs/image-darwin-x64@1.9.2":
  version "1.9.2"
  resolved "https://registry.yarnpkg.com/@napi-rs/image-darwin-x64/-/image-darwin-x64-1.9.2.tgz#b9bed0d674cf5d2fec8c439545489868fd1f1cf7"
  integrity sha512-8SnFDcgUSoL6Y38lstXi5FYECD1f4dJqQe2UCTwciED8gZnpC8Pju7JYJWcYgHHXn1JnKP9T1lPlSaX+L56EgA==

"@napi-rs/image-freebsd-x64@1.9.2":
  version "1.9.2"
  resolved "https://registry.yarnpkg.com/@napi-rs/image-freebsd-x64/-/image-freebsd-x64-1.9.2.tgz#ad9d8195b0e95bda14c2a8566331ed3545f06f1a"
  integrity sha512-oS0+iSb8AekjaHgTZdARKceqTPxSokByLzNQ9vGf2lZlTwlRFmXGq4XYutyzqzRuLT3BATLwtGMXiguMEYMuUw==

"@napi-rs/image-linux-arm-gnueabihf@1.9.2":
  version "1.9.2"
  resolved "https://registry.yarnpkg.com/@napi-rs/image-linux-arm-gnueabihf/-/image-linux-arm-gnueabihf-1.9.2.tgz#4704053811508d59c817f1ffbb8d419713f607bd"
  integrity sha512-bsbZSvw3wa7yaLVvz4M5VhJaB9LmgjAL3W7rnmXaX5BgpaQImNDm9MrxPG8ennr9Pbn6qDtCSioOz53ZgWUtgg==

"@napi-rs/image-linux-arm64-gnu@1.9.2":
  version "1.9.2"
  resolved "https://registry.yarnpkg.com/@napi-rs/image-linux-arm64-gnu/-/image-linux-arm64-gnu-1.9.2.tgz#316fc5cddeb5585297eb5acc5d93019a09a00436"
  integrity sha512-tiN9RMwEIcA8TodvmxdeJqsRdUGKAmxQ2aa0FkYjshdkmChG/sqUtUoL9LdmDf1tw1IACrSuT2Wj4LevxBdIJA==

"@napi-rs/image-linux-arm64-musl@1.9.2":
  version "1.9.2"
  resolved "https://registry.yarnpkg.com/@napi-rs/image-linux-arm64-musl/-/image-linux-arm64-musl-1.9.2.tgz#f4b1a20ecc37beb9d8053545987705736fae4ab4"
  integrity sha512-w6Sx1j9PtqO2bP3Jl6nuMryzxA3zsoc1U8u1H7AZketyhxXIxqVm0oGomZGs5Bgshzau45bcWinp6GWrlSwt6A==

"@napi-rs/image-linux-x64-gnu@1.9.2":
  version "1.9.2"
  resolved "https://registry.yarnpkg.com/@napi-rs/image-linux-x64-gnu/-/image-linux-x64-gnu-1.9.2.tgz#c5a2b3aabe5b174d654b4484fe18508796212d78"
  integrity sha512-yB/s9wNB/9YHpQ4TwN8NWMA1tEK1gPLQwtysa68yMdHczb+7BTCKCIYIHD9rUulyT1Q/VgLIJCUMoxve0pIoeg==

"@napi-rs/image-linux-x64-musl@1.9.2":
  version "1.9.2"
  resolved "https://registry.yarnpkg.com/@napi-rs/image-linux-x64-musl/-/image-linux-x64-musl-1.9.2.tgz#e97bd049c541d0e56b7c066e9fbc756b0490bb15"
  integrity sha512-x9dRlo27xYXonh+gZZTqQL4lAfi/lhi8K8LE2hczbZffqmXvWU7NuHSgPVVeU/nvcMMqw1Cjzn81h7ny44SLbQ==

"@napi-rs/image-wasm32-wasi@1.9.2":
  version "1.9.2"
  resolved "https://registry.yarnpkg.com/@napi-rs/image-wasm32-wasi/-/image-wasm32-wasi-1.9.2.tgz#69b82a3b5ab6db147f709d52aee11c2d84e4337f"
  integrity sha512-BeA1wzzIG4+tdAwXWaAjObBOC6SzIbq0IhykSQ1xCGvYwd8stsn7ktPRz5b55PDo+Doj65PCT4H/xUgFcSiLCw==
  dependencies:
    "@napi-rs/wasm-runtime" "^0.2.0"

"@napi-rs/image-win32-ia32-msvc@1.9.2":
  version "1.9.2"
  resolved "https://registry.yarnpkg.com/@napi-rs/image-win32-ia32-msvc/-/image-win32-ia32-msvc-1.9.2.tgz#5825f40aef20e78a9880271f66b9375cbdc80d0c"
  integrity sha512-JDJP04Hg9Qru5Pth4gfBkXz9hZd/otx6ymi2VTuSKDFjpJIjk4tyUr9+BIE1ghFCHDzeJGVe7CDGdF/NTA1xrg==

"@napi-rs/image-win32-x64-msvc@1.9.2":
  version "1.9.2"
  resolved "https://registry.yarnpkg.com/@napi-rs/image-win32-x64-msvc/-/image-win32-x64-msvc-1.9.2.tgz#050bc2f5e6436510a30c75939eababbc07f5af68"
  integrity sha512-baRyTED6FkTsPliSOH7x8TV/cyAST9y6L1ClSgSCVEx7+W8MKKig90fF302kEa2PwMAyrXM3Ytq9KuIC7xJ+eA==

"@napi-rs/image@^1.9.2":
  version "1.9.2"
  resolved "https://registry.yarnpkg.com/@napi-rs/image/-/image-1.9.2.tgz#980b2c1eceba9d8a685eaa3454b3c55ce68f35a7"
  integrity sha512-CvTC3XL5/BzHaVkJOZy31xOJLNSY3rBuUIQixaE/LwEQNSUdaxWa9gUyUkC9lUekkUp26CzaLLj2w7l7bxB1ag==
  optionalDependencies:
    "@napi-rs/image-android-arm64" "1.9.2"
    "@napi-rs/image-darwin-arm64" "1.9.2"
    "@napi-rs/image-darwin-x64" "1.9.2"
    "@napi-rs/image-freebsd-x64" "1.9.2"
    "@napi-rs/image-linux-arm-gnueabihf" "1.9.2"
    "@napi-rs/image-linux-arm64-gnu" "1.9.2"
    "@napi-rs/image-linux-arm64-musl" "1.9.2"
    "@napi-rs/image-linux-x64-gnu" "1.9.2"
    "@napi-rs/image-linux-x64-musl" "1.9.2"
    "@napi-rs/image-wasm32-wasi" "1.9.2"
    "@napi-rs/image-win32-ia32-msvc" "1.9.2"
    "@napi-rs/image-win32-x64-msvc" "1.9.2"

"@napi-rs/wasm-runtime@^0.2.0":
  version "0.2.4"
  resolved "https://registry.yarnpkg.com/@napi-rs/wasm-runtime/-/wasm-runtime-0.2.4.tgz#d27788176f250d86e498081e3c5ff48a17606918"
  integrity sha512-9zESzOO5aDByvhIAsOy9TbpZ0Ur2AJbUI7UT73kcUTS2mxAMHOBaa1st/jAymNoCtvrit99kkzT1FZuXVcgfIQ==
  dependencies:
    "@emnapi/core" "^1.1.0"
    "@emnapi/runtime" "^1.1.0"
    "@tybys/wasm-util" "^0.9.0"

"@rsbuild/core@^0.7.9":
  version "0.7.9"
  resolved "https://registry.yarnpkg.com/@rsbuild/core/-/core-0.7.9.tgz#e4102fb1ce296354f460c139cb7b8cf601f4f7f8"
  integrity sha512-g29A68ZtrydLbWJgGlKUywyYi5ELnmuCM8CJWTxKa9itoIxAZG5h9NZ+P3VVBCaSfsY7DtFKMJ4D5cxvwJtVuw==
  dependencies:
    "@rsbuild/shared" "0.7.9"
    "@rspack/core" "0.7.4"
    "@swc/helpers" "0.5.3"
    core-js "~3.36.0"
    html-webpack-plugin "npm:html-rspack-plugin@5.7.2"
    postcss "^8.4.38"

"@rsbuild/plugin-image-compress@^0.7.9":
  version "0.7.9"
  resolved "https://registry.yarnpkg.com/@rsbuild/plugin-image-compress/-/plugin-image-compress-0.7.9.tgz#e9f0df92fea99d38ff9ac780c7f6d82bee1040ad"
  integrity sha512-+WLJHPydZHE013qh7UIQqbGweqsQufjAw0eiWtsa303sI3aMj59/GsW/+E4IyZ34g/c+sOkryuZjLyjB5XNsrA==
  dependencies:
    "@napi-rs/image" "^1.9.2"
    svgo "^3.3.2"

"@rsbuild/plugin-preact@^0.7.9":
  version "0.7.9"
  resolved "https://registry.yarnpkg.com/@rsbuild/plugin-preact/-/plugin-preact-0.7.9.tgz#894e1c91654fc322b1faf2634e34aafff54afcee"
  integrity sha512-T77OXAPSnpkyg3Hu11GZDzu4k8ut5JU0ev1rJyXzz8Cc79O2q0edVTi5GiRRUzE5dx/rbE1rznZrOHR1sAClvg==
  dependencies:
    "@rsbuild/shared" "0.7.9"

"@rsbuild/shared@0.7.9":
  version "0.7.9"
  resolved "https://registry.yarnpkg.com/@rsbuild/shared/-/shared-0.7.9.tgz#40b1a893f55bf42f8dc514c54d546194895b9430"
  integrity sha512-g/xQoa1PJR5305EXqXW5v+gFaYjzlwFvOzv0hOrmF0n2tEO1gO5PD/dwdWw1F3I9I79OshCZk0ru0XLshg/waQ==
  dependencies:
    "@rspack/core" "0.7.4"
    caniuse-lite "^1.0.30001636"
    html-webpack-plugin "npm:html-rspack-plugin@5.7.2"
    postcss "^8.4.38"
  optionalDependencies:
    fsevents "~2.3.3"

"@rspack/binding-darwin-arm64@0.7.4":
  version "0.7.4"
  resolved "https://registry.yarnpkg.com/@rspack/binding-darwin-arm64/-/binding-darwin-arm64-0.7.4.tgz#b09446c3d28bd8cdf40d871376cc3e95eaef263f"
  integrity sha512-K78fUe9OhFTV61kHYCuahNkBXCFJMmqSGyIgNtLR9Psk82IVCHkvxY5565An1Quvo1UmgVh5R2YmylKE81mwiw==

"@rspack/binding-darwin-x64@0.7.4":
  version "0.7.4"
  resolved "https://registry.yarnpkg.com/@rspack/binding-darwin-x64/-/binding-darwin-x64-0.7.4.tgz#005085480103b286edfa12c758f8382f4948b986"
  integrity sha512-EQriu7oE+tZv25g5VJH6Ael74U42fmpb4zGs7wLmWyKfCtO6SegL3tJ8Jc6mMmp+vg949dVvkw7uB6TJjOqx2g==

"@rspack/binding-linux-arm64-gnu@0.7.4":
  version "0.7.4"
  resolved "https://registry.yarnpkg.com/@rspack/binding-linux-arm64-gnu/-/binding-linux-arm64-gnu-0.7.4.tgz#d781bf8c0b82044a2e4fe49b262e0f667cc4f924"
  integrity sha512-yhJLkU1zEXMyHNWhh8pBEaK6cRAjFzRK2hqejhhZ0K+lqC0Af9bKvZyXXGrMfmmHlsh1VJ9VVmi21qcXr/kdzg==

"@rspack/binding-linux-arm64-musl@0.7.4":
  version "0.7.4"
  resolved "https://registry.yarnpkg.com/@rspack/binding-linux-arm64-musl/-/binding-linux-arm64-musl-0.7.4.tgz#3145c35b145d29c141815b175e7a0d80966f4aee"
  integrity sha512-6GV3Ztl6Q1zdJmNo+dwHiJd2Y/IEH9qWOh4YHiyzYGbQQYpfhhLYwKexalWaAAhdMm6KKoeqzklgHImCINImEg==

"@rspack/binding-linux-x64-gnu@0.7.4":
  version "0.7.4"
  resolved "https://registry.yarnpkg.com/@rspack/binding-linux-x64-gnu/-/binding-linux-x64-gnu-0.7.4.tgz#6dcf8ac15bd8d570b87069766435270bd18043bb"
  integrity sha512-KFdAEIZ7mPnT0y198xVOa8vIT9tgpEFVidCSIlxdk65UGC59g6UxEQq1EVAbcBi1Ou6Zza/UtxIlzk6Ev6KDkQ==

"@rspack/binding-linux-x64-musl@0.7.4":
  version "0.7.4"
  resolved "https://registry.yarnpkg.com/@rspack/binding-linux-x64-musl/-/binding-linux-x64-musl-0.7.4.tgz#120de4b80655d764af1ebde3d8b2beaf8e7a3b42"
  integrity sha512-qekcXkv12oWRztZHXGzNAI92/O/+abU35/nGDycZmMtr+Qt2XS5hE1T9oBQ54yecIzUVDGNcYwhIMWBX6E2dmQ==

"@rspack/binding-win32-arm64-msvc@0.7.4":
  version "0.7.4"
  resolved "https://registry.yarnpkg.com/@rspack/binding-win32-arm64-msvc/-/binding-win32-arm64-msvc-0.7.4.tgz#f64143f7db0e8d579a424229b4ec9eb2b2759707"
  integrity sha512-D1BccimBVeA/k2ty/28ER/j3s/c0n0MtN4kpyjYwgRILVLRSr+rfbC75i8wYh8r8AXjhNWNG88LmrFN9e9i7Ug==

"@rspack/binding-win32-ia32-msvc@0.7.4":
  version "0.7.4"
  resolved "https://registry.yarnpkg.com/@rspack/binding-win32-ia32-msvc/-/binding-win32-ia32-msvc-0.7.4.tgz#a0a7072fdfd3c1d1c836481a8fa12446ab6df731"
  integrity sha512-5//TZH0Y4fRuTQ/ZmNOVaIfPIQXtgNAI78QxvF8Amygk4Uqklpo3ceHGP+yZfZgjh3mzjoUK+22fWbq/cUmW0w==

"@rspack/binding-win32-x64-msvc@0.7.4":
  version "0.7.4"
  resolved "https://registry.yarnpkg.com/@rspack/binding-win32-x64-msvc/-/binding-win32-x64-msvc-0.7.4.tgz#d99410a16050534917da516f3b1ada6231dd0861"
  integrity sha512-C3ZxIEYKvnjQbV19FfQE6CGO6vcGp2JcvSQCc6SHwU/KNxLDrI1pA7XUG5TKoGSsqVEDZN6H8fJxLUYPQBjJcg==

"@rspack/binding@0.7.4":
  version "0.7.4"
  resolved "https://registry.yarnpkg.com/@rspack/binding/-/binding-0.7.4.tgz#98ea4ad2b1cbc1270612ce6de3d64c54ff1dda03"
  integrity sha512-H1rTtYxbxe40miV2gYLPwIxEn2yMY6+bq+fjfiRu61kTvllexPMBYgFpKqSAc5Qyyto9j9uCkR4MJEYj2R/SQQ==
  optionalDependencies:
    "@rspack/binding-darwin-arm64" "0.7.4"
    "@rspack/binding-darwin-x64" "0.7.4"
    "@rspack/binding-linux-arm64-gnu" "0.7.4"
    "@rspack/binding-linux-arm64-musl" "0.7.4"
    "@rspack/binding-linux-x64-gnu" "0.7.4"
    "@rspack/binding-linux-x64-musl" "0.7.4"
    "@rspack/binding-win32-arm64-msvc" "0.7.4"
    "@rspack/binding-win32-ia32-msvc" "0.7.4"
    "@rspack/binding-win32-x64-msvc" "0.7.4"

"@rspack/core@0.7.4":
  version "0.7.4"
  resolved "https://registry.yarnpkg.com/@rspack/core/-/core-0.7.4.tgz#65c933a3dcaa28df2681d3c27fc8dd6dbfb3f441"
  integrity sha512-HECQ0WL8iVS1Mwq2W2hfrStZZbtTPl/GjDdAZDMToPqWtSVGww99UDGIYTHW8G6kawQ3GY6wa86WTQNfXEpSCA==
  dependencies:
    "@module-federation/runtime-tools" "0.1.6"
    "@rspack/binding" "0.7.4"
    caniuse-lite "^1.0.30001616"
    tapable "2.2.1"
    webpack-sources "3.2.3"

"@swc/helpers@0.5.3":
  version "0.5.3"
  resolved "https://registry.yarnpkg.com/@swc/helpers/-/helpers-0.5.3.tgz#98c6da1e196f5f08f977658b80d6bd941b5f294f"
  integrity sha512-FaruWX6KdudYloq1AHD/4nU+UsMTdNE8CKyrseXWEcgjDAbvkwJg2QGPAnfIJLIWsjZOSPLOAykK6fuYp4vp4A==
  dependencies:
    tslib "^2.4.0"

"@trysound/sax@0.2.0":
  version "0.2.0"
  resolved "https://registry.yarnpkg.com/@trysound/sax/-/sax-0.2.0.tgz#cccaab758af56761eb7bf37af6f03f326dd798ad"
  integrity sha512-L7z9BgrNEcYyUYtF+HaEfiS5ebkh9jXqbszz7pC0hRBPaatV0XjSD3+eHrpqFemQfgwiFF0QPIarnIihIDn7OA==

"@tybys/wasm-util@^0.9.0":
  version "0.9.0"
  resolved "https://registry.yarnpkg.com/@tybys/wasm-util/-/wasm-util-0.9.0.tgz#3e75eb00604c8d6db470bf18c37b7d984a0e3355"
  integrity sha512-6+7nlbMVX/PVDCwaIQ8nTOPveOcFLSt8GcXdx8hD0bt39uWxYT88uXzqTd4fTvqta7oeUJqudepapKNt2DYJFw==
  dependencies:
    tslib "^2.4.0"

"@types/json-schema@^7.0.9":
  version "7.0.15"
  resolved "https://registry.yarnpkg.com/@types/json-schema/-/json-schema-7.0.15.tgz#596a1747233694d50f6ad8a7869fcb6f56cf5841"
  integrity sha512-5+fP8P8MFNC+AyZCDxrB2pkZFPGzqQWUzpSeuuVLvm8VMcorNYavBqoFcxK8bQz4Qsbn4oUEEem4wDLfcysGHA==

ajv-formats@^2.1.1:
  version "2.1.1"
  resolved "https://registry.yarnpkg.com/ajv-formats/-/ajv-formats-2.1.1.tgz#6e669400659eb74973bbf2e33327180a0996b520"
  integrity sha512-Wx0Kx52hxE7C18hkMEggYlEifqWZtYaRgouJor+WMdPnQyEK13vgEWyVNup7SoeeoLMsr4kf5h6dOW11I15MUA==
  dependencies:
    ajv "^8.0.0"

ajv-keywords@^5.1.0:
  version "5.1.0"
  resolved "https://registry.yarnpkg.com/ajv-keywords/-/ajv-keywords-5.1.0.tgz#69d4d385a4733cdbeab44964a1170a88f87f0e16"
  integrity sha512-YCS/JNFAUyr5vAuhk1DWm1CBxRHW9LbJ2ozWeemrIqpbsqKjHVxYPyi5GC0rjZIT5JxJ3virVTS8wk4i/Z+krw==
  dependencies:
    fast-deep-equal "^3.1.3"

ajv@^8.0.0, ajv@^8.9.0:
  version "8.16.0"
  resolved "https://registry.yarnpkg.com/ajv/-/ajv-8.16.0.tgz#22e2a92b94f005f7e0f9c9d39652ef0b8f6f0cb4"
  integrity sha512-F0twR8U1ZU67JIEtekUcLkXkoO5mMMmgGD8sK/xUFzJ805jxHQl92hImFAqqXMyMYjSPOyUPAwHYhB72g5sTXw==
  dependencies:
    fast-deep-equal "^3.1.3"
    json-schema-traverse "^1.0.0"
    require-from-string "^2.0.2"
    uri-js "^4.4.1"

autoprefixer@^10.4.19:
  version "10.4.19"
  resolved "https://registry.yarnpkg.com/autoprefixer/-/autoprefixer-10.4.19.tgz#ad25a856e82ee9d7898c59583c1afeb3fa65f89f"
  integrity sha512-BaENR2+zBZ8xXhM4pUaKUxlVdxZ0EZhjvbopwnXmxRUfqDmwSpC2lAi/QXvx7NRdPCo1WKEcEF6mV64si1z4Ew==
  dependencies:
    browserslist "^4.23.0"
    caniuse-lite "^1.0.30001599"
    fraction.js "^4.3.7"
    normalize-range "^0.1.2"
    picocolors "^1.0.0"
    postcss-value-parser "^4.2.0"

babel-loader@^9.1.3:
  version "9.1.3"
  resolved "https://registry.yarnpkg.com/babel-loader/-/babel-loader-9.1.3.tgz#3d0e01b4e69760cc694ee306fe16d358aa1c6f9a"
  integrity sha512-xG3ST4DglodGf8qSwv0MdeWLhrDsw/32QMdTO5T1ZIp9gQur0HkCyFs7Awskr10JKXFXwpAhiCuYX5oGXnRGbw==
  dependencies:
    find-cache-dir "^4.0.0"
    schema-utils "^4.0.0"

boolbase@^1.0.0:
  version "1.0.0"
  resolved "https://registry.yarnpkg.com/boolbase/-/boolbase-1.0.0.tgz#68dff5fbe60c51eb37725ea9e3ed310dcc1e776e"
  integrity sha512-JZOSA7Mo9sNGB8+UjSgzdLtokWAky1zbztM3WRLCbZ70/3cTANmQmOdR7y2g+J0e2WXywy1yS468tY+IruqEww==

browserslist@^4.23.0:
  version "4.23.1"
  resolved "https://registry.yarnpkg.com/browserslist/-/browserslist-4.23.1.tgz#ce4af0534b3d37db5c1a4ca98b9080f985041e96"
  integrity sha512-TUfofFo/KsK/bWZ9TWQ5O26tsWW4Uhmt8IYklbnUa70udB6P2wA7w7o4PY4muaEPBQaAX+CEnmmIA41NVHtPVw==
  dependencies:
    caniuse-lite "^1.0.30001629"
    electron-to-chromium "^1.4.796"
    node-releases "^2.0.14"
    update-browserslist-db "^1.0.16"

caniuse-lite@^1.0.30001599, caniuse-lite@^1.0.30001616, caniuse-lite@^1.0.30001629, caniuse-lite@^1.0.30001636:
  version "1.0.30001636"
  resolved "https://registry.yarnpkg.com/caniuse-lite/-/caniuse-lite-1.0.30001636.tgz#b15f52d2bdb95fad32c2f53c0b68032b85188a78"
  integrity sha512-bMg2vmr8XBsbL6Lr0UHXy/21m84FTxDLWn2FSqMd5PrlbMxwJlQnC2YWYxVgp66PZE+BBNF2jYQUBKCo1FDeZg==

commander@^7.2.0:
  version "7.2.0"
  resolved "https://registry.yarnpkg.com/commander/-/commander-7.2.0.tgz#a36cb57d0b501ce108e4d20559a150a391d97ab7"
  integrity sha512-QrWXB+ZQSVPmIWIhtEO9H+gwHaMGYiF5ChvoJ+K9ZGHG/sVsa6yiesAD1GC/x46sET00Xlwo1u49RVVVzvcSkw==

common-path-prefix@^3.0.0:
  version "3.0.0"
  resolved "https://registry.yarnpkg.com/common-path-prefix/-/common-path-prefix-3.0.0.tgz#7d007a7e07c58c4b4d5f433131a19141b29f11e0"
  integrity sha512-QE33hToZseCH3jS0qN96O/bSh3kaw/h+Tq7ngyY9eWDUnTlTNUyqfqvCXioLe5Na5jFsL78ra/wuBU4iuEgd4w==

core-js@^3.37.1:
  version "3.37.1"
  resolved "https://registry.yarnpkg.com/core-js/-/core-js-3.37.1.tgz#d21751ddb756518ac5a00e4d66499df981a62db9"
  integrity sha512-Xn6qmxrQZyB0FFY8E3bgRXei3lWDJHhvI+u0q9TKIYM49G8pAr0FgnnrFRAmsbptZL1yxRADVXn+x5AGsbBfyw==

core-js@~3.36.0:
  version "3.36.1"
  resolved "https://registry.yarnpkg.com/core-js/-/core-js-3.36.1.tgz#c97a7160ebd00b2de19e62f4bbd3406ab720e578"
  integrity sha512-BTvUrwxVBezj5SZ3f10ImnX2oRByMxql3EimVqMysepbC9EeMUOpLwdy6Eoili2x6E4kf+ZUB5k/+Jv55alPfA==

css-select@^5.1.0:
  version "5.1.0"
  resolved "https://registry.yarnpkg.com/css-select/-/css-select-5.1.0.tgz#b8ebd6554c3637ccc76688804ad3f6a6fdaea8a6"
  integrity sha512-nwoRF1rvRRnnCqqY7updORDsuqKzqYJ28+oSMaJMMgOauh3fvwHqMS7EZpIPqK8GL+g9mKxF1vP/ZjSeNjEVHg==
  dependencies:
    boolbase "^1.0.0"
    css-what "^6.1.0"
    domhandler "^5.0.2"
    domutils "^3.0.1"
    nth-check "^2.0.1"

css-tree@^2.3.1:
  version "2.3.1"
  resolved "https://registry.yarnpkg.com/css-tree/-/css-tree-2.3.1.tgz#10264ce1e5442e8572fc82fbe490644ff54b5c20"
  integrity sha512-6Fv1DV/TYw//QF5IzQdqsNDjx/wc8TrMBZsqjL9eW01tWb7R7k/mq+/VXfJCl7SoD5emsJop9cOByJZfs8hYIw==
  dependencies:
    mdn-data "2.0.30"
    source-map-js "^1.0.1"

css-tree@~2.2.0:
  version "2.2.1"
  resolved "https://registry.yarnpkg.com/css-tree/-/css-tree-2.2.1.tgz#36115d382d60afd271e377f9c5f67d02bd48c032"
  integrity sha512-OA0mILzGc1kCOCSJerOeqDxDQ4HOh+G8NbOJFOTgOCzpw7fCBubk0fEyxp8AgOL/jvLgYA/uV0cMbe43ElF1JA==
  dependencies:
    mdn-data "2.0.28"
    source-map-js "^1.0.1"

css-what@^6.1.0:
  version "6.1.0"
  resolved "https://registry.yarnpkg.com/css-what/-/css-what-6.1.0.tgz#fb5effcf76f1ddea2c81bdfaa4de44e79bac70f4"
  integrity sha512-HTUrgRJ7r4dsZKU6GjmpfRK1O76h97Z8MfS1G0FozR+oF2kG6Vfe8JE6zwrkbxigziPHinCJ+gCPjA9EaBDtRw==

cssesc@^3.0.0:
  version "3.0.0"
  resolved "https://registry.yarnpkg.com/cssesc/-/cssesc-3.0.0.tgz#37741919903b868565e1c09ea747445cd18983ee"
  integrity sha512-/Tb/JcjK111nNScGob5MNtsntNM1aCNUDipB/TkwZFhyDrrE47SOx/18wF2bbjgc3ZzCSKW1T5nt5EbFoAz/Vg==

csso@^5.0.5:
  version "5.0.5"
  resolved "https://registry.yarnpkg.com/csso/-/csso-5.0.5.tgz#f9b7fe6cc6ac0b7d90781bb16d5e9874303e2ca6"
  integrity sha512-0LrrStPOdJj+SPCCrGhzryycLjwcgUSHBtxNA8aIDxf0GLsRh1cKYhB00Gd1lDOS4yGH69+SNn13+TWbVHETFQ==
  dependencies:
    css-tree "~2.2.0"

dom-serializer@^2.0.0:
  version "2.0.0"
  resolved "https://registry.yarnpkg.com/dom-serializer/-/dom-serializer-2.0.0.tgz#e41b802e1eedf9f6cae183ce5e622d789d7d8e53"
  integrity sha512-wIkAryiqt/nV5EQKqQpo3SToSOV9J0DnbJqwK7Wv/Trc92zIAYZ4FlMu+JPFW1DfGFt81ZTCGgDEabffXeLyJg==
  dependencies:
    domelementtype "^2.3.0"
    domhandler "^5.0.2"
    entities "^4.2.0"

domelementtype@^2.3.0:
  version "2.3.0"
  resolved "https://registry.yarnpkg.com/domelementtype/-/domelementtype-2.3.0.tgz#5c45e8e869952626331d7aab326d01daf65d589d"
  integrity sha512-OLETBj6w0OsagBwdXnPdN0cnMfF9opN69co+7ZrbfPGrdpPVNBUj02spi6B1N7wChLQiPn4CSH/zJvXw56gmHw==

domhandler@^5.0.2, domhandler@^5.0.3:
  version "5.0.3"
  resolved "https://registry.yarnpkg.com/domhandler/-/domhandler-5.0.3.tgz#cc385f7f751f1d1fc650c21374804254538c7d31"
  integrity sha512-cgwlv/1iFQiFnU96XXgROh8xTeetsnJiDsTc7TYCLFd9+/WNkIqPTxiM/8pSd8VIrhXGTf1Ny1q1hquVqDJB5w==
  dependencies:
    domelementtype "^2.3.0"

domutils@^3.0.1:
  version "3.1.0"
  resolved "https://registry.yarnpkg.com/domutils/-/domutils-3.1.0.tgz#c47f551278d3dc4b0b1ab8cbb42d751a6f0d824e"
  integrity sha512-H78uMmQtI2AhgDJjWeQmHwJJ2bLPD3GMmO7Zja/ZZh84wkm+4ut+IUnUdRa8uCGX88DiVx1j6FRe1XfxEgjEZA==
  dependencies:
    dom-serializer "^2.0.0"
    domelementtype "^2.3.0"
    domhandler "^5.0.3"

electron-to-chromium@^1.4.796:
  version "1.4.811"
  resolved "https://registry.yarnpkg.com/electron-to-chromium/-/electron-to-chromium-1.4.811.tgz#031c8b101e7d0a7cde1dfdb0623dbdb5e19655cd"
  integrity sha512-CDyzcJ5XW78SHzsIOdn27z8J4ist8eaFLhdto2hSMSJQgsiwvbv2fbizcKUICryw1Wii1TI/FEkvzvJsR3awrA==

entities@^4.2.0:
  version "4.5.0"
  resolved "https://registry.yarnpkg.com/entities/-/entities-4.5.0.tgz#5d268ea5e7113ec74c4d033b79ea5a35a488fb48"
  integrity sha512-V0hjH4dGPh9Ao5p0MoRY6BVqtwCjhz6vI5LT8AJ55H+4g9/4vbHx1I54fS0XuclLhDHArPQCiMjDxjaL8fPxhw==

escalade@^3.1.2:
  version "3.1.2"
  resolved "https://registry.yarnpkg.com/escalade/-/escalade-3.1.2.tgz#54076e9ab29ea5bf3d8f1ed62acffbb88272df27"
  integrity sha512-ErCHMCae19vR8vQGe50xIsVomy19rg6gFu3+r3jkEO46suLMWBksvVyoGgQV+jOfl84ZSOSlmv6Gxa89PmTGmA==

fast-deep-equal@^3.1.3:
  version "3.1.3"
  resolved "https://registry.yarnpkg.com/fast-deep-equal/-/fast-deep-equal-3.1.3.tgz#3a7d56b559d6cbc3eb512325244e619a65c6c525"
  integrity sha512-f3qQ9oQy9j2AhBe/H9VC91wLmKBCCU/gDOnKNAYG5hswO7BLKj09Hc5HYNz9cGI++xlpDCIgDaitVs03ATR84Q==

find-cache-dir@^4.0.0:
  version "4.0.0"
  resolved "https://registry.yarnpkg.com/find-cache-dir/-/find-cache-dir-4.0.0.tgz#a30ee0448f81a3990708f6453633c733e2f6eec2"
  integrity sha512-9ZonPT4ZAK4a+1pUPVPZJapbi7O5qbbJPdYw/NOQWZZbVLdDTYM3A4R9z/DpAM08IDaFGsvPgiGZ82WEwUDWjg==
  dependencies:
    common-path-prefix "^3.0.0"
    pkg-dir "^7.0.0"

find-up@^6.3.0:
  version "6.3.0"
  resolved "https://registry.yarnpkg.com/find-up/-/find-up-6.3.0.tgz#2abab3d3280b2dc7ac10199ef324c4e002c8c790"
  integrity sha512-v2ZsoEuVHYy8ZIlYqwPe/39Cy+cFDzp4dXPaxNvkEuouymu+2Jbz0PxpKarJHYJTmv2HWT3O382qY8l4jMWthw==
  dependencies:
    locate-path "^7.1.0"
    path-exists "^5.0.0"

fraction.js@^4.3.7:
  version "4.3.7"
  resolved "https://registry.yarnpkg.com/fraction.js/-/fraction.js-4.3.7.tgz#06ca0085157e42fda7f9e726e79fefc4068840f7"
  integrity sha512-ZsDfxO51wGAXREY55a7la9LScWpwv9RxIrYABrlvOFBlH/ShPnrtsXeuUIfXKKOVicNxQ+o8JTbJvjS4M89yew==

fsevents@~2.3.3:
  version "2.3.3"
  resolved "https://registry.yarnpkg.com/fsevents/-/fsevents-2.3.3.tgz#cac6407785d03675a2a5e1a5305c697b347d90d6"
  integrity sha512-5xoDfX+fL7faATnagmWPpbFtwh/R77WmMMqqHGS65C3vvB0YHrgF+B1YmZ3441tMj5n63k0212XNoJwzlhffQw==

"html-webpack-plugin@npm:html-rspack-plugin@5.7.2":
  version "5.7.2"
  resolved "https://registry.yarnpkg.com/html-rspack-plugin/-/html-rspack-plugin-5.7.2.tgz#c7bfe54227c38384b790ffc61127ec3161cd9a59"
  integrity sha512-uVXGYq19bcsX7Q/53VqXQjCKXw0eUMHlFGDLTaqzgj/ckverfhZQvXyA6ecFBaF9XUH16jfCTCyALYi0lJcagg==

htmx.org@^1.9.12:
  version "1.9.12"
  resolved "https://registry.yarnpkg.com/htmx.org/-/htmx.org-1.9.12.tgz#1c5bc7fb4d3eb4e8c0d72323dc774a6b9b66addc"
  integrity sha512-VZAohXyF7xPGS52IM8d1T1283y+X4D+Owf3qY1NZ9RuBypyu9l8cGsxUMAG5fEAb/DhT7rDoJ9Hpu5/HxFD3cw==

json-schema-traverse@^1.0.0:
  version "1.0.0"
  resolved "https://registry.yarnpkg.com/json-schema-traverse/-/json-schema-traverse-1.0.0.tgz#ae7bcb3656ab77a73ba5c49bf654f38e6b6860e2"
  integrity sha512-NM8/P9n3XjXhIZn1lLhkFaACTOURQXjWhV4BA/RnOv8xvgqtqpAX9IO4mRQxSx1Rlo4tqzeqb0sOlruaOy3dug==

locate-path@^7.1.0:
  version "7.2.0"
  resolved "https://registry.yarnpkg.com/locate-path/-/locate-path-7.2.0.tgz#69cb1779bd90b35ab1e771e1f2f89a202c2a8a8a"
  integrity sha512-gvVijfZvn7R+2qyPX8mAuKcFGDf6Nc61GdvGafQsHL0sBIxfKzA+usWn4GFC/bk+QdwPUD4kWFJLhElipq+0VA==
  dependencies:
    p-locate "^6.0.0"

mdn-data@2.0.28:
  version "2.0.28"
  resolved "https://registry.yarnpkg.com/mdn-data/-/mdn-data-2.0.28.tgz#5ec48e7bef120654539069e1ae4ddc81ca490eba"
  integrity sha512-aylIc7Z9y4yzHYAJNuESG3hfhC+0Ibp/MAMiaOZgNv4pmEdFyfZhhhny4MNiAfWdBQ1RQ2mfDWmM1x8SvGyp8g==

mdn-data@2.0.30:
  version "2.0.30"
  resolved "https://registry.yarnpkg.com/mdn-data/-/mdn-data-2.0.30.tgz#ce4df6f80af6cfbe218ecd5c552ba13c4dfa08cc"
  integrity sha512-GaqWWShW4kv/G9IEucWScBx9G1/vsFZZJUO+tD26M8J8z3Kw5RDQjaoZe03YAClgeS/SWPOcb4nkFBTEi5DUEA==

nanoid@^3.3.7:
  version "3.3.7"
  resolved "https://registry.yarnpkg.com/nanoid/-/nanoid-3.3.7.tgz#d0c301a691bc8d54efa0a2226ccf3fe2fd656bd8"
  integrity sha512-eSRppjcPIatRIMC1U6UngP8XFcz8MQWGQdt1MTBQ7NaAmvXDfvNxbvWV3x2y6CdEUciCSsDHDQZbhYaB8QEo2g==

node-releases@^2.0.14:
  version "2.0.14"
  resolved "https://registry.yarnpkg.com/node-releases/-/node-releases-2.0.14.tgz#2ffb053bceb8b2be8495ece1ab6ce600c4461b0b"
  integrity sha512-y10wOWt8yZpqXmOgRo77WaHEmhYQYGNA6y421PKsKYWEK8aW+cqAphborZDhqfyKrbZEN92CN1X2KbafY2s7Yw==

normalize-range@^0.1.2:
  version "0.1.2"
  resolved "https://registry.yarnpkg.com/normalize-range/-/normalize-range-0.1.2.tgz#2d10c06bdfd312ea9777695a4d28439456b75942"
  integrity sha512-bdok/XvKII3nUpklnV6P2hxtMNrCboOjAcyBuQnWEhO665FwrSNRxU+AqpsyvO6LgGYPspN+lu5CLtw4jPRKNA==

nth-check@^2.0.1:
  version "2.1.1"
  resolved "https://registry.yarnpkg.com/nth-check/-/nth-check-2.1.1.tgz#c9eab428effce36cd6b92c924bdb000ef1f1ed1d"
  integrity sha512-lqjrjmaOoAnWfMmBPL+XNnynZh2+swxiX3WUE0s4yEHI6m+AwrK2UZOimIRl3X/4QctVqS8AiZjFqyOGrMXb/w==
  dependencies:
    boolbase "^1.0.0"

p-limit@^4.0.0:
  version "4.0.0"
  resolved "https://registry.yarnpkg.com/p-limit/-/p-limit-4.0.0.tgz#914af6544ed32bfa54670b061cafcbd04984b644"
  integrity sha512-5b0R4txpzjPWVw/cXXUResoD4hb6U/x9BH08L7nw+GN1sezDzPdxeRvpc9c433fZhBan/wusjbCsqwqm4EIBIQ==
  dependencies:
    yocto-queue "^1.0.0"

p-locate@^6.0.0:
  version "6.0.0"
  resolved "https://registry.yarnpkg.com/p-locate/-/p-locate-6.0.0.tgz#3da9a49d4934b901089dca3302fa65dc5a05c04f"
  integrity sha512-wPrq66Llhl7/4AGC6I+cqxT07LhXvWL08LNXz1fENOw0Ap4sRZZ/gZpTTJ5jpurzzzfS2W/Ge9BY3LgLjCShcw==
  dependencies:
    p-limit "^4.0.0"

path-exists@^5.0.0:
  version "5.0.0"
  resolved "https://registry.yarnpkg.com/path-exists/-/path-exists-5.0.0.tgz#a6aad9489200b21fab31e49cf09277e5116fb9e7"
  integrity sha512-RjhtfwJOxzcFmNOi6ltcbcu4Iu+FL3zEj83dk4kAS+fVpTxXLO1b38RvJgT/0QwvV/L3aY9TAnyv0EOqW4GoMQ==

picocolors@^1.0.0, picocolors@^1.0.1:
  version "1.0.1"
  resolved "https://registry.yarnpkg.com/picocolors/-/picocolors-1.0.1.tgz#a8ad579b571952f0e5d25892de5445bcfe25aaa1"
  integrity sha512-anP1Z8qwhkbmu7MFP5iTt+wQKXgwzf7zTyGlcdzabySa9vd0Xt392U0rVmz9poOaBj0uHJKyyo9/upk0HrEQew==

pkg-dir@^7.0.0:
  version "7.0.0"
  resolved "https://registry.yarnpkg.com/pkg-dir/-/pkg-dir-7.0.0.tgz#8f0c08d6df4476756c5ff29b3282d0bab7517d11"
  integrity sha512-Ie9z/WINcxxLp27BKOCHGde4ITq9UklYKDzVo1nhk5sqGEXU3FpkwP5GM2voTGJkGd9B3Otl+Q4uwSOeSUtOBA==
  dependencies:
    find-up "^6.3.0"

postcss-custom-media@^10.0.6:
  version "10.0.6"
  resolved "https://registry.yarnpkg.com/postcss-custom-media/-/postcss-custom-media-10.0.6.tgz#e194ad7c9190390c20515d45661e9dcaaf031e84"
  integrity sha512-BjihQoIO4Wjqv9fQNExSJIim8UAmkhLxuJnhJsLTRFSba1y1MhxkJK5awsM//6JJ+/Tu5QUxf624RQAvKHv6SA==
  dependencies:
    "@csstools/cascade-layer-name-parser" "^1.0.11"
    "@csstools/css-parser-algorithms" "^2.6.3"
    "@csstools/css-tokenizer" "^2.3.1"
    "@csstools/media-query-list-parser" "^2.1.11"

postcss-nesting@^12.1.5:
  version "12.1.5"
  resolved "https://registry.yarnpkg.com/postcss-nesting/-/postcss-nesting-12.1.5.tgz#e5e2dc1d63e6166c194da45aa28c04d4024db98f"
  integrity sha512-N1NgI1PDCiAGWPTYrwqm8wpjv0bgDmkYHH72pNsqTCv9CObxjxftdYu6AKtGN+pnJa7FQjMm3v4sp8QJbFsYdQ==
  dependencies:
    "@csstools/selector-resolve-nested" "^1.1.0"
    "@csstools/selector-specificity" "^3.1.1"
    postcss-selector-parser "^6.1.0"

postcss-selector-parser@^6.1.0:
  version "6.1.0"
  resolved "https://registry.yarnpkg.com/postcss-selector-parser/-/postcss-selector-parser-6.1.0.tgz#49694cb4e7c649299fea510a29fa6577104bcf53"
  integrity sha512-UMz42UD0UY0EApS0ZL9o1XnLhSTtvvvLe5Dc2H2O56fvRZi+KulDyf5ctDhhtYJBGKStV2FL1fy6253cmLgqVQ==
  dependencies:
    cssesc "^3.0.0"
    util-deprecate "^1.0.2"

postcss-value-parser@^4.2.0:
  version "4.2.0"
  resolved "https://registry.yarnpkg.com/postcss-value-parser/-/postcss-value-parser-4.2.0.tgz#723c09920836ba6d3e5af019f92bc0971c02e514"
  integrity sha512-1NNCs6uurfkVbeXG4S8JFT9t19m45ICnif8zWLd5oPSZ50QnwMfK+H3jv408d4jw/7Bttv5axS5IiHoLaVNHeQ==

postcss@^8.4.38:
  version "8.4.38"
  resolved "https://registry.yarnpkg.com/postcss/-/postcss-8.4.38.tgz#b387d533baf2054288e337066d81c6bee9db9e0e"
  integrity sha512-Wglpdk03BSfXkHoQa3b/oulrotAkwrlLDRSOb9D0bN86FdRyE9lppSp33aHNPgBa0JKCoB+drFLZkQoRRYae5A==
  dependencies:
    nanoid "^3.3.7"
    picocolors "^1.0.0"
    source-map-js "^1.2.0"

punycode@^2.1.0:
  version "2.3.1"
  resolved "https://registry.yarnpkg.com/punycode/-/punycode-2.3.1.tgz#027422e2faec0b25e1549c3e1bd8309b9133b6e5"
  integrity sha512-vYt7UD1U9Wg6138shLtLOvdAu+8DsC/ilFtEVHcH+wydcSpNE20AfSOduf6MkRFahL5FY7X1oU7nKVZFtfq8Fg==

require-from-string@^2.0.2:
  version "2.0.2"
  resolved "https://registry.yarnpkg.com/require-from-string/-/require-from-string-2.0.2.tgz#89a7fdd938261267318eafe14f9c32e598c36909"
  integrity sha512-Xf0nWe6RseziFMu+Ap9biiUbmplq6S9/p+7w7YXP/JBHhrUDDUhwa+vANyubuqfZWTveU//DYVGsDG7RKL/vEw==

schema-utils@^4.0.0:
  version "4.2.0"
  resolved "https://registry.yarnpkg.com/schema-utils/-/schema-utils-4.2.0.tgz#70d7c93e153a273a805801882ebd3bff20d89c8b"
  integrity sha512-L0jRsrPpjdckP3oPug3/VxNKt2trR8TcabrM6FOAAlvC/9Phcmm+cuAgTlxBqdBR1WJx7Naj9WHw+aOmheSVbw==
  dependencies:
    "@types/json-schema" "^7.0.9"
    ajv "^8.9.0"
    ajv-formats "^2.1.1"
    ajv-keywords "^5.1.0"

source-map-js@^1.0.1, source-map-js@^1.2.0:
  version "1.2.0"
  resolved "https://registry.yarnpkg.com/source-map-js/-/source-map-js-1.2.0.tgz#16b809c162517b5b8c3e7dcd315a2a5c2612b2af"
  integrity sha512-itJW8lvSA0TXEphiRoawsCksnlf8SyvmFzIhltqAHluXd88pkCd+cXJVHTDwdCr0IzwptSm035IHQktUu1QUMg==

svgo@^3.3.2:
  version "3.3.2"
  resolved "https://registry.yarnpkg.com/svgo/-/svgo-3.3.2.tgz#ad58002652dffbb5986fc9716afe52d869ecbda8"
  integrity sha512-OoohrmuUlBs8B8o6MB2Aevn+pRIH9zDALSR+6hhqVfa6fRwG/Qw9VUMSMW9VNg2CFc/MTIfabtdOVl9ODIJjpw==
  dependencies:
    "@trysound/sax" "0.2.0"
    commander "^7.2.0"
    css-select "^5.1.0"
    css-tree "^2.3.1"
    css-what "^6.1.0"
    csso "^5.0.5"
    picocolors "^1.0.0"

tapable@2.2.1:
  version "2.2.1"
  resolved "https://registry.yarnpkg.com/tapable/-/tapable-2.2.1.tgz#1967a73ef4060a82f12ab96af86d52fdb76eeca0"
  integrity sha512-GNzQvQTOIP6RyTfE2Qxb8ZVlNmw0n88vp1szwWRimP02mnTsx3Wtn5qRdqY9w2XduFNUgvOwhNnQsjwCp+kqaQ==

tslib@^2.4.0:
  version "2.6.3"
  resolved "https://registry.yarnpkg.com/tslib/-/tslib-2.6.3.tgz#0438f810ad7a9edcde7a241c3d80db693c8cbfe0"
  integrity sha512-xNvxJEOUiWPGhUuUdQgAJPKOOJfGnIyKySOc09XkKsgdUV/3E2zvwZYdejjmRgPCgcym1juLH3226yA7sEFJKQ==

update-browserslist-db@^1.0.16:
  version "1.0.16"
  resolved "https://registry.yarnpkg.com/update-browserslist-db/-/update-browserslist-db-1.0.16.tgz#f6d489ed90fb2f07d67784eb3f53d7891f736356"
  integrity sha512-KVbTxlBYlckhF5wgfyZXTWnMn7MMZjMu9XG8bPlliUOP9ThaF4QnhP8qrjrH7DRzHfSk0oQv1wToW+iA5GajEQ==
  dependencies:
    escalade "^3.1.2"
    picocolors "^1.0.1"

uri-js@^4.4.1:
  version "4.4.1"
  resolved "https://registry.yarnpkg.com/uri-js/-/uri-js-4.4.1.tgz#9b1a52595225859e55f669d928f88c6c57f2a77e"
  integrity sha512-7rKUyy33Q1yc98pQ1DAmLtwX109F7TIfWlW1Ydo8Wl1ii1SeHieeh0HHfPeL2fMXK6z0s8ecKs9frCuLJvndBg==
  dependencies:
    punycode "^2.1.0"

util-deprecate@^1.0.2:
  version "1.0.2"
  resolved "https://registry.yarnpkg.com/util-deprecate/-/util-deprecate-1.0.2.tgz#450d4dc9fa70de732762fbd2d4a28981419a0ccf"
  integrity sha512-EPD5q1uXyFxJpCrLnCc1nHnq3gOa6DZBocAIiI2TaSCA7VCJ1UJDMagCzIkXNsUYfD1daK//LTEQ8xiIbrHtcw==

webpack-sources@3.2.3:
  version "3.2.3"
  resolved "https://registry.yarnpkg.com/webpack-sources/-/webpack-sources-3.2.3.tgz#2d4daab8451fd4b240cc27055ff6a0c2ccea0cde"
  integrity sha512-/DyMEOrDgLKKIG0fmvtz+4dUX/3Ghozwgm6iPp8KRhvn+eQf9+Q7GWxVNMk3+uCPWfdXYC4ExGBckIXdFEfH1w==

yocto-queue@^1.0.0:
  version "1.0.0"
  resolved "https://registry.yarnpkg.com/yocto-queue/-/yocto-queue-1.0.0.tgz#7f816433fb2cbc511ec8bf7d263c3b58a1a3c251"
  integrity sha512-9bnSc/HEW2uRy67wc+T8UwauLuPJVn28jb+GtJY16iiKWyvmYJRXVT4UamsAEGQfPohgr2q4Tq0sQbQlxTfi1g==
